
Microsoft Visual Studio Solution File, Format Version 12.00
# Visual Studio 15
VisualStudioVersion = 15.0.27703.2035
MinimumVisualStudioVersion = 10.0.40219.1
Project("{FAE04EC0-301F-11D3-BF4B-00C04F79EFBC}") = "ProjectDN", "ProjectDN\ProjectDN.csproj", "{91CA40FF-F9F8-4DD0-B0D6-5BB4AADBAD12}"
EndProject
Project("{E53339B2-1760-4266-BCC7-CA923CBCF16C}") = "docker-compose", "docker-compose.dcproj", "{051BA13F-FE05-478B-9977-FD2E08B9321A}"
EndProject
Global
	GlobalSection(SolutionConfigurationPlatforms) = preSolution
		Debug|Any CPU = Debug|Any CPU
		Release|Any CPU = Release|Any CPU
	EndGlobalSection
	GlobalSection(ProjectConfigurationPlatforms) = postSolution
		{91CA40FF-F9F8-4DD0-B0D6-5BB4AADBAD12}.Debug|Any CPU.ActiveCfg = Debug|Any CPU
		{91CA40FF-F9F8-4DD0-B0D6-5BB4AADBAD12}.Debug|Any CPU.Build.0 = Debug|Any CPU
		{91CA40FF-F9F8-4DD0-B0D6-5BB4AADBAD12}.Release|Any CPU.ActiveCfg = Release|Any CPU
		{91CA40FF-F9F8-4DD0-B0D6-5BB4AADBAD12}.Release|Any CPU.Build.0 = Release|Any CPU
		{051BA13F-FE05-478B-9977-FD2E08B9321A}.Debug|Any CPU.ActiveCfg = Debug|Any CPU
		{051BA13F-FE05-478B-9977-FD2E08B9321A}.Debug|Any CPU.Build.0 = Debug|Any CPU
		{051BA13F-FE05-478B-9977-FD2E08B9321A}.Release|Any CPU.ActiveCfg = Release|Any CPU
		{051BA13F-FE05-478B-9977-FD2E08B9321A}.Release|Any CPU.Build.0 = Release|Any CPU
	EndGlobalSection
	GlobalSection(SolutionProperties) = preSolution
		HideSolutionNode = FALSE
	EndGlobalSection
	GlobalSection(ExtensibilityGlobals) = postSolution
		SolutionGuid = {FBB4D1A1-95EF-4738-A9A7-0C10FDF3B2F0}
	EndGlobalSection
EndGlobal
