
Microsoft Visual Studio Solution File, Format Version 12.00
# Visual Studio 15
VisualStudioVersion = 15.0.27703.2035
MinimumVisualStudioVersion = 10.0.40219.1
Project("{E53339B2-1760-4266-BCC7-CA923CBCF16C}") = "docker-compose", "docker-compose.dcproj", "{051BA13F-FE05-478B-9977-FD2E08B9321A}"
EndProject
Project("{9A19103F-16F7-4668-BE54-9A1E7A4F7556}") = "ProjectDNTest", "ProjectDNTest\ProjectDNTest.csproj", "{C8A49AB3-CEA9-4291-9FB0-5BADD520EDED}"
EndProject
Project("{9A19103F-16F7-4668-BE54-9A1E7A4F7556}") = "ProjectDNAuth", "ProjectDNAuth\ProjectDNAuth.csproj", "{C9538DE2-EB2D-400D-9E39-DE658937D90B}"
EndProject
Project("{9A19103F-16F7-4668-BE54-9A1E7A4F7556}") = "02-1.ProjectDNMain", "ProjectDNMain\02-1.ProjectDNMain.csproj", "{65E48720-DFCA-4008-93A5-46D5F00E9B40}"
EndProject
Project("{9A19103F-16F7-4668-BE54-9A1E7A4F7556}") = "01.ProjectDNCommon", "ProjectDNCommon\01.ProjectDNCommon.csproj", "{D3479973-E59D-4CA6-A9EC-D24AA3F486CB}"
EndProject
Project("{9A19103F-16F7-4668-BE54-9A1E7A4F7556}") = "00.ProjectDNLibrary", "ProjectDNLibrary\00.ProjectDNLibrary.csproj", "{97A2B7A4-9102-4D03-AA1B-6A2CD59E38CA}"
EndProject
Project("{FAE04EC0-301F-11D3-BF4B-00C04F79EFBC}") = "02-2.ProjectDNMainRepositories", "..\ProjectDNMainRepositories\02-2.ProjectDNMainRepositories.csproj", "{CC1F52CD-9543-42B5-8565-2AA6A7D4118C}"
EndProject
Global
	GlobalSection(SolutionConfigurationPlatforms) = preSolution
		Debug|Any CPU = Debug|Any CPU
		Release|Any CPU = Release|Any CPU
	EndGlobalSection
	GlobalSection(ProjectConfigurationPlatforms) = postSolution
		{051BA13F-FE05-478B-9977-FD2E08B9321A}.Debug|Any CPU.ActiveCfg = Debug|Any CPU
		{051BA13F-FE05-478B-9977-FD2E08B9321A}.Debug|Any CPU.Build.0 = Debug|Any CPU
		{051BA13F-FE05-478B-9977-FD2E08B9321A}.Release|Any CPU.ActiveCfg = Release|Any CPU
		{051BA13F-FE05-478B-9977-FD2E08B9321A}.Release|Any CPU.Build.0 = Release|Any CPU
		{C8A49AB3-CEA9-4291-9FB0-5BADD520EDED}.Debug|Any CPU.ActiveCfg = Debug|Any CPU
		{C8A49AB3-CEA9-4291-9FB0-5BADD520EDED}.Debug|Any CPU.Build.0 = Debug|Any CPU
		{C8A49AB3-CEA9-4291-9FB0-5BADD520EDED}.Release|Any CPU.ActiveCfg = Release|Any CPU
		{C8A49AB3-CEA9-4291-9FB0-5BADD520EDED}.Release|Any CPU.Build.0 = Release|Any CPU
		{C9538DE2-EB2D-400D-9E39-DE658937D90B}.Debug|Any CPU.ActiveCfg = Debug|Any CPU
		{C9538DE2-EB2D-400D-9E39-DE658937D90B}.Debug|Any CPU.Build.0 = Debug|Any CPU
		{C9538DE2-EB2D-400D-9E39-DE658937D90B}.Release|Any CPU.ActiveCfg = Release|Any CPU
		{C9538DE2-EB2D-400D-9E39-DE658937D90B}.Release|Any CPU.Build.0 = Release|Any CPU
		{65E48720-DFCA-4008-93A5-46D5F00E9B40}.Debug|Any CPU.ActiveCfg = Debug|Any CPU
		{65E48720-DFCA-4008-93A5-46D5F00E9B40}.Debug|Any CPU.Build.0 = Debug|Any CPU
		{65E48720-DFCA-4008-93A5-46D5F00E9B40}.Release|Any CPU.ActiveCfg = Release|Any CPU
		{65E48720-DFCA-4008-93A5-46D5F00E9B40}.Release|Any CPU.Build.0 = Release|Any CPU
		{D3479973-E59D-4CA6-A9EC-D24AA3F486CB}.Debug|Any CPU.ActiveCfg = Debug|Any CPU
		{D3479973-E59D-4CA6-A9EC-D24AA3F486CB}.Debug|Any CPU.Build.0 = Debug|Any CPU
		{D3479973-E59D-4CA6-A9EC-D24AA3F486CB}.Release|Any CPU.ActiveCfg = Release|Any CPU
		{D3479973-E59D-4CA6-A9EC-D24AA3F486CB}.Release|Any CPU.Build.0 = Release|Any CPU
		{97A2B7A4-9102-4D03-AA1B-6A2CD59E38CA}.Debug|Any CPU.ActiveCfg = Debug|Any CPU
		{97A2B7A4-9102-4D03-AA1B-6A2CD59E38CA}.Debug|Any CPU.Build.0 = Debug|Any CPU
		{97A2B7A4-9102-4D03-AA1B-6A2CD59E38CA}.Release|Any CPU.ActiveCfg = Release|Any CPU
		{97A2B7A4-9102-4D03-AA1B-6A2CD59E38CA}.Release|Any CPU.Build.0 = Release|Any CPU
		{CC1F52CD-9543-42B5-8565-2AA6A7D4118C}.Debug|Any CPU.ActiveCfg = Debug|Any CPU
		{CC1F52CD-9543-42B5-8565-2AA6A7D4118C}.Debug|Any CPU.Build.0 = Debug|Any CPU
		{CC1F52CD-9543-42B5-8565-2AA6A7D4118C}.Release|Any CPU.ActiveCfg = Release|Any CPU
		{CC1F52CD-9543-42B5-8565-2AA6A7D4118C}.Release|Any CPU.Build.0 = Release|Any CPU
	EndGlobalSection
	GlobalSection(SolutionProperties) = preSolution
		HideSolutionNode = FALSE
	EndGlobalSection
	GlobalSection(ExtensibilityGlobals) = postSolution
		SolutionGuid = {FBB4D1A1-95EF-4738-A9A7-0C10FDF3B2F0}
	EndGlobalSection
EndGlobal
